#
# This file is autogenerated by pip-compile with Python 3.12
# by the following command:
#
#    pip-compile --output-file=requirements-ai.lock --strip-extras requirements-ai.txt
#
faiss-cpu==1.15.0
    # via -r requirements-ai.txt
numpy==2.5.2
    # via faiss-cpu
packaging==26.3
    # via faiss-cpu
